
Microsoft Visual Studio Solution File, Format Version 10.00
# Visual Studio 2008
Project("{8BC9CEB8-8B4A-11D0-8D11-00A0C91BC942}") = "Shovel Knight", "Shovel Knight\Shovel Knight.vcproj", "{0B3FC553-023D-4193-A9C2-F4BEBCDF106F}"
EndProject
Global
	GlobalSection(SolutionConfigurationPlatforms) = preSolution
		Debug|Win32 = Debug|Win32
		Release|Win32 = Release|Win32
	EndGlobalSection
	GlobalSection(ProjectConfigurationPlatforms) = postSolution
		{0B3FC553-023D-4193-A9C2-F4BEBCDF106F}.Debug|Win32.ActiveCfg = Debug|Win32
		{0B3FC553-023D-4193-A9C2-F4BEBCDF106F}.Debug|Win32.Build.0 = Debug|Win32
		{0B3FC553-023D-4193-A9C2-F4BEBCDF106F}.Release|Win32.ActiveCfg = Release|Win32
		{0B3FC553-023D-4193-A9C2-F4BEBCDF106F}.Release|Win32.Build.0 = Release|Win32
	EndGlobalSection
	GlobalSection(SolutionProperties) = preSolution
		HideSolutionNode = FALSE
	EndGlobalSection
EndGlobal
